
Microsoft Visual Studio Solution File, Format Version 11.00
# Visual Studio 2010
Project("{F184B08F-C81C-45F6-A57F-5ABD9991F28F}") = "Proyecto_Foster_Empleado", "Proyecto_Foster_Empleado\Proyecto_Foster_Empleado.vbproj", "{2E191A4E-8568-40F0-8CDF-289EF8EDC08B}"
EndProject
Global
	GlobalSection(SolutionConfigurationPlatforms) = preSolution
		Debug|x86 = Debug|x86
		Release|x86 = Release|x86
	EndGlobalSection
	GlobalSection(ProjectConfigurationPlatforms) = postSolution
		{2E191A4E-8568-40F0-8CDF-289EF8EDC08B}.Debug|x86.ActiveCfg = Debug|x86
		{2E191A4E-8568-40F0-8CDF-289EF8EDC08B}.Debug|x86.Build.0 = Debug|x86
		{2E191A4E-8568-40F0-8CDF-289EF8EDC08B}.Release|x86.ActiveCfg = Release|x86
		{2E191A4E-8568-40F0-8CDF-289EF8EDC08B}.Release|x86.Build.0 = Release|x86
	EndGlobalSection
	GlobalSection(SolutionProperties) = preSolution
		HideSolutionNode = FALSE
	EndGlobalSection
EndGlobal
